// !$*UTF8*$!
{
	archiveVersion = 1;
	classes = {
	};
	objectVersion = 48;
	objects = {

/* Begin PBXBuildFile section */
		680322DF2033644900E38E1B /* AppDelegate.swift in Sources */ = {isa = PBXBuildFile; fileRef = 680322DE2033644900E38E1B /* AppDelegate.swift */; };
		680322E12033644900E38E1B /* BaseVC.swift in Sources */ = {isa = PBXBuildFile; fileRef = 680322E02033644900E38E1B /* BaseVC.swift */; };
		680322E42033644900E38E1B /* Main.storyboard in Resources */ = {isa = PBXBuildFile; fileRef = 680322E22033644900E38E1B /* Main.storyboard */; };
		680322E62033644900E38E1B /* Assets.xcassets in Resources */ = {isa = PBXBuildFile; fileRef = 680322E52033644900E38E1B /* Assets.xcassets */; };
		680322E92033644900E38E1B /* LaunchScreen.storyboard in Resources */ = {isa = PBXBuildFile; fileRef = 680322E72033644900E38E1B /* LaunchScreen.storyboard */; };
		684EBD692034B7F500CC7B32 /* CharityTableViewCell.swift in Sources */ = {isa = PBXBuildFile; fileRef = 684EBD682034B7F500CC7B32 /* CharityTableViewCell.swift */; };
		684EBD6B2035380600CC7B32 /* DonationVC.swift in Sources */ = {isa = PBXBuildFile; fileRef = 684EBD6A2035380600CC7B32 /* DonationVC.swift */; };
		684EBD6F203540B400CC7B32 /* Alamofire.framework in Frameworks */ = {isa = PBXBuildFile; fileRef = 684EBD6E203540B400CC7B32 /* Alamofire.framework */; settings = {ATTRIBUTES = (Required, ); }; };
		684EBD71203540B700CC7B32 /* OmiseSDK.framework in Frameworks */ = {isa = PBXBuildFile; fileRef = 684EBD70203540B700CC7B32 /* OmiseSDK.framework */; };
		684EBD73203540BB00CC7B32 /* SwiftyJSON.framework in Frameworks */ = {isa = PBXBuildFile; fileRef = 684EBD72203540BB00CC7B32 /* SwiftyJSON.framework */; };
		68BCE6602033678300CA8FB6 /* ViewHelper.swift in Sources */ = {isa = PBXBuildFile; fileRef = 68BCE65F2033678300CA8FB6 /* ViewHelper.swift */; };
		68BCE663203368BC00CA8FB6 /* CharityListVC.swift in Sources */ = {isa = PBXBuildFile; fileRef = 68BCE662203368BC00CA8FB6 /* CharityListVC.swift */; };
		68BCE66A2033E5D800CA8FB6 /* CharityModel.swift in Sources */ = {isa = PBXBuildFile; fileRef = 68BCE6692033E5D800CA8FB6 /* CharityModel.swift */; };
/* End PBXBuildFile section */

/* Begin PBXFileReference section */
		680322DB2033644900E38E1B /* Omise-mobil-challange.app */ = {isa = PBXFileReference; explicitFileType = wrapper.application; includeInIndex = 0; path = "Omise-mobil-challange.app"; sourceTree = BUILT_PRODUCTS_DIR; };
		680322DE2033644900E38E1B /* AppDelegate.swift */ = {isa = PBXFileReference; lastKnownFileType = sourcecode.swift; path = AppDelegate.swift; sourceTree = "<group>"; };
		680322E02033644900E38E1B /* BaseVC.swift */ = {isa = PBXFileReference; lastKnownFileType = sourcecode.swift; path = BaseVC.swift; sourceTree = "<group>"; };
		680322E32033644900E38E1B /* Base */ = {isa = PBXFileReference; lastKnownFileType = file.storyboard; name = Base; path = Base.lproj/Main.storyboard; sourceTree = "<group>"; };
		680322E52033644900E38E1B /* Assets.xcassets */ = {isa = PBXFileReference; lastKnownFileType = folder.assetcatalog; path = Assets.xcassets; sourceTree = "<group>"; };
		680322E82033644900E38E1B /* Base */ = {isa = PBXFileReference; lastKnownFileType = file.storyboard; name = Base; path = Base.lproj/LaunchScreen.storyboard; sourceTree = "<group>"; };
		680322EA2033644900E38E1B /* Info.plist */ = {isa = PBXFileReference; lastKnownFileType = text.plist.xml; path = Info.plist; sourceTree = "<group>"; };
		684EBD682034B7F500CC7B32 /* CharityTableViewCell.swift */ = {isa = PBXFileReference; lastKnownFileType = sourcecode.swift; path = CharityTableViewCell.swift; sourceTree = "<group>"; };
		684EBD6A2035380600CC7B32 /* DonationVC.swift */ = {isa = PBXFileReference; lastKnownFileType = sourcecode.swift; path = DonationVC.swift; sourceTree = "<group>"; };
		684EBD6E203540B400CC7B32 /* Alamofire.framework */ = {isa = PBXFileReference; lastKnownFileType = wrapper.framework; name = Alamofire.framework; path = Carthage/Build/iOS/Alamofire.framework; sourceTree = "<group>"; };
		684EBD70203540B700CC7B32 /* OmiseSDK.framework */ = {isa = PBXFileReference; lastKnownFileType = wrapper.framework; name = OmiseSDK.framework; path = Carthage/Build/iOS/OmiseSDK.framework; sourceTree = "<group>"; };
		684EBD72203540BB00CC7B32 /* SwiftyJSON.framework */ = {isa = PBXFileReference; lastKnownFileType = wrapper.framework; name = SwiftyJSON.framework; path = Carthage/Build/iOS/SwiftyJSON.framework; sourceTree = "<group>"; };
		68BCE65F2033678300CA8FB6 /* ViewHelper.swift */ = {isa = PBXFileReference; lastKnownFileType = sourcecode.swift; path = ViewHelper.swift; sourceTree = "<group>"; };
		68BCE662203368BC00CA8FB6 /* CharityListVC.swift */ = {isa = PBXFileReference; lastKnownFileType = sourcecode.swift; path = CharityListVC.swift; sourceTree = "<group>"; };
		68BCE6692033E5D800CA8FB6 /* CharityModel.swift */ = {isa = PBXFileReference; lastKnownFileType = sourcecode.swift; path = CharityModel.swift; sourceTree = "<group>"; };
/* End PBXFileReference section */

/* Begin PBXFrameworksBuildPhase section */
		680322D82033644900E38E1B /* Frameworks */ = {
			isa = PBXFrameworksBuildPhase;
			buildActionMask = 2147483647;
			files = (
				684EBD6F203540B400CC7B32 /* Alamofire.framework in Frameworks */,
				684EBD71203540B700CC7B32 /* OmiseSDK.framework in Frameworks */,
				684EBD73203540BB00CC7B32 /* SwiftyJSON.framework in Frameworks */,
			);
			runOnlyForDeploymentPostprocessing = 0;
		};
/* End PBXFrameworksBuildPhase section */

/* Begin PBXGroup section */
		680322D22033644900E38E1B = {
			isa = PBXGroup;
			children = (
				680322DD2033644900E38E1B /* Omise-mobil-challange */,
				680322DC2033644900E38E1B /* Products */,
				684EBD6D203540B400CC7B32 /* Frameworks */,
			);
			sourceTree = "<group>";
		};
		680322DC2033644900E38E1B /* Products */ = {
			isa = PBXGroup;
			children = (
				680322DB2033644900E38E1B /* Omise-mobil-challange.app */,
			);
			name = Products;
			sourceTree = "<group>";
		};
		680322DD2033644900E38E1B /* Omise-mobil-challange */ = {
			isa = PBXGroup;
			children = (
				68BCE666203369A100CA8FB6 /* Views */,
				68BCE6652033699C00CA8FB6 /* Models */,
				68BCE65E2033675C00CA8FB6 /* Extensions */,
				68BCE65B2033663800CA8FB6 /* Controllers */,
				680322DE2033644900E38E1B /* AppDelegate.swift */,
				680322E22033644900E38E1B /* Main.storyboard */,
				680322E52033644900E38E1B /* Assets.xcassets */,
				680322E72033644900E38E1B /* LaunchScreen.storyboard */,
				680322EA2033644900E38E1B /* Info.plist */,
			);
			path = "Omise-mobil-challange";
			sourceTree = "<group>";
		};
		684EBD6D203540B400CC7B32 /* Frameworks */ = {
			isa = PBXGroup;
			children = (
				684EBD72203540BB00CC7B32 /* SwiftyJSON.framework */,
				684EBD70203540B700CC7B32 /* OmiseSDK.framework */,
				684EBD6E203540B400CC7B32 /* Alamofire.framework */,
			);
			name = Frameworks;
			sourceTree = "<group>";
		};
		68BCE65B2033663800CA8FB6 /* Controllers */ = {
			isa = PBXGroup;
			children = (
				680322E02033644900E38E1B /* BaseVC.swift */,
				68BCE662203368BC00CA8FB6 /* CharityListVC.swift */,
				684EBD6A2035380600CC7B32 /* DonationVC.swift */,
			);
			path = Controllers;
			sourceTree = "<group>";
		};
		68BCE65E2033675C00CA8FB6 /* Extensions */ = {
			isa = PBXGroup;
			children = (
				68BCE65F2033678300CA8FB6 /* ViewHelper.swift */,
			);
			path = Extensions;
			sourceTree = "<group>";
		};
		68BCE6652033699C00CA8FB6 /* Models */ = {
			isa = PBXGroup;
			children = (
				68BCE6692033E5D800CA8FB6 /* CharityModel.swift */,
			);
			path = Models;
			sourceTree = "<group>";
		};
		68BCE666203369A100CA8FB6 /* Views */ = {
			isa = PBXGroup;
			children = (
				684EBD682034B7F500CC7B32 /* CharityTableViewCell.swift */,
			);
			path = Views;
			sourceTree = "<group>";
		};
/* End PBXGroup section */

/* Begin PBXNativeTarget section */
		680322DA2033644900E38E1B /* Omise-mobil-challange */ = {
			isa = PBXNativeTarget;
			buildConfigurationList = 680322ED2033644900E38E1B /* Build configuration list for PBXNativeTarget "Omise-mobil-challange" */;
			buildPhases = (
				680322D72033644900E38E1B /* Sources */,
				680322D82033644900E38E1B /* Frameworks */,
				680322D92033644900E38E1B /* Resources */,
				684EBD752035431400CC7B32 /* ShellScript */,
			);
			buildRules = (
			);
			dependencies = (
			);
			name = "Omise-mobil-challange";
			productName = "Omise-mobil-challange";
			productReference = 680322DB2033644900E38E1B /* Omise-mobil-challange.app */;
			productType = "com.apple.product-type.application";
		};
/* End PBXNativeTarget section */

/* Begin PBXProject section */
		680322D32033644900E38E1B /* Project object */ = {
			isa = PBXProject;
			attributes = {
				LastSwiftUpdateCheck = 0920;
				LastUpgradeCheck = 0920;
				ORGANIZATIONNAME = "Sadik Ekin Ozbay";
				TargetAttributes = {
					680322DA2033644900E38E1B = {
						CreatedOnToolsVersion = 9.2;
						ProvisioningStyle = Manual;
					};
				};
			};
			buildConfigurationList = 680322D62033644900E38E1B /* Build configuration list for PBXProject "Omise-mobil-challange" */;
			compatibilityVersion = "Xcode 8.0";
			developmentRegion = en;
			hasScannedForEncodings = 0;
			knownRegions = (
				en,
				Base,
			);
			mainGroup = 680322D22033644900E38E1B;
			productRefGroup = 680322DC2033644900E38E1B /* Products */;
			projectDirPath = "";
			projectRoot = "";
			targets = (
				680322DA2033644900E38E1B /* Omise-mobil-challange */,
			);
		};
/* End PBXProject section */

/* Begin PBXResourcesBuildPhase section */
		680322D92033644900E38E1B /* Resources */ = {
			isa = PBXResourcesBuildPhase;
			buildActionMask = 2147483647;
			files = (
				680322E92033644900E38E1B /* LaunchScreen.storyboard in Resources */,
				680322E62033644900E38E1B /* Assets.xcassets in Resources */,
				680322E42033644900E38E1B /* Main.storyboard in Resources */,
			);
			runOnlyForDeploymentPostprocessing = 0;
		};
/* End PBXResourcesBuildPhase section */

/* Begin PBXShellScriptBuildPhase section */
		684EBD752035431400CC7B32 /* ShellScript */ = {
			isa = PBXShellScriptBuildPhase;
			buildActionMask = 2147483647;
			files = (
			);
			inputPaths = (
				"$(SRCROOT)/Carthage/Build/iOS/Alamofire.framework",
				"$(SRCROOT)/Carthage/Build/iOS/OmiseSDK.framework",
				"$(SRCROOT)/Carthage/Build/iOS/SwiftyJSON.framework",
			);
			outputPaths = (
			);
			runOnlyForDeploymentPostprocessing = 0;
			shellPath = /bin/sh;
			shellScript = "/usr/local/bin/carthage copy-frameworks";
		};
/* End PBXShellScriptBuildPhase section */

/* Begin PBXSourcesBuildPhase section */
		680322D72033644900E38E1B /* Sources */ = {
			isa = PBXSourcesBuildPhase;
			buildActionMask = 2147483647;
			files = (
				680322E12033644900E38E1B /* BaseVC.swift in Sources */,
				68BCE6602033678300CA8FB6 /* ViewHelper.swift in Sources */,
				684EBD692034B7F500CC7B32 /* CharityTableViewCell.swift in Sources */,
				680322DF2033644900E38E1B /* AppDelegate.swift in Sources */,
				68BCE66A2033E5D800CA8FB6 /* CharityModel.swift in Sources */,
				68BCE663203368BC00CA8FB6 /* CharityListVC.swift in Sources */,
				684EBD6B2035380600CC7B32 /* DonationVC.swift in Sources */,
			);
			runOnlyForDeploymentPostprocessing = 0;
		};
/* End PBXSourcesBuildPhase section */

/* Begin PBXVariantGroup section */
		680322E22033644900E38E1B /* Main.storyboard */ = {
			isa = PBXVariantGroup;
			children = (
				680322E32033644900E38E1B /* Base */,
			);
			name = Main.storyboard;
			sourceTree = "<group>";
		};
		680322E72033644900E38E1B /* LaunchScreen.storyboard */ = {
			isa = PBXVariantGroup;
			children = (
				680322E82033644900E38E1B /* Base */,
			);
			name = LaunchScreen.storyboard;
			sourceTree = "<group>";
		};
/* End PBXVariantGroup section */

/* Begin XCBuildConfiguration section */
		680322EB2033644900E38E1B /* Debug */ = {
			isa = XCBuildConfiguration;
			buildSettings = {
				ALWAYS_SEARCH_USER_PATHS = NO;
				CLANG_ANALYZER_NONNULL = YES;
				CLANG_ANALYZER_NUMBER_OBJECT_CONVERSION = YES_AGGRESSIVE;
				CLANG_CXX_LANGUAGE_STANDARD = "gnu++14";
				CLANG_CXX_LIBRARY = "libc++";
				CLANG_ENABLE_MODULES = YES;
				CLANG_ENABLE_OBJC_ARC = YES;
				CLANG_WARN_BLOCK_CAPTURE_AUTORELEASING = YES;
				CLANG_WARN_BOOL_CONVERSION = YES;
				CLANG_WARN_COMMA = YES;
				CLANG_WARN_CONSTANT_CONVERSION = YES;
				CLANG_WARN_DIRECT_OBJC_ISA_USAGE = YES_ERROR;
				CLANG_WARN_DOCUMENTATION_COMMENTS = YES;
				CLANG_WARN_EMPTY_BODY = YES;
				CLANG_WARN_ENUM_CONVERSION = YES;
				CLANG_WARN_INFINITE_RECURSION = YES;
				CLANG_WARN_INT_CONVERSION = YES;
				CLANG_WARN_NON_LITERAL_NULL_CONVERSION = YES;
				CLANG_WARN_OBJC_LITERAL_CONVERSION = YES;
				CLANG_WARN_OBJC_ROOT_CLASS = YES_ERROR;
				CLANG_WARN_RANGE_LOOP_ANALYSIS = YES;
				CLANG_WARN_STRICT_PROTOTYPES = YES;
				CLANG_WARN_SUSPICIOUS_MOVE = YES;
				CLANG_WARN_UNGUARDED_AVAILABILITY = YES_AGGRESSIVE;
				CLANG_WARN_UNREACHABLE_CODE = YES;
				CLANG_WARN__DUPLICATE_METHOD_MATCH = YES;
				CODE_SIGN_IDENTITY = "iPhone Developer";
				COPY_PHASE_STRIP = NO;
				DEBUG_INFORMATION_FORMAT = dwarf;
				ENABLE_STRICT_OBJC_MSGSEND = YES;
				ENABLE_TESTABILITY = YES;
				GCC_C_LANGUAGE_STANDARD = gnu11;
				GCC_DYNAMIC_NO_PIC = NO;
				GCC_NO_COMMON_BLOCKS = YES;
				GCC_OPTIMIZATION_LEVEL = 0;
				GCC_PREPROCESSOR_DEFINITIONS = (
					"DEBUG=1",
					"$(inherited)",
				);
				GCC_WARN_64_TO_32_BIT_CONVERSION = YES;
				GCC_WARN_ABOUT_RETURN_TYPE = YES_ERROR;
				GCC_WARN_UNDECLARED_SELECTOR = YES;
				GCC_WARN_UNINITIALIZED_AUTOS = YES_AGGRESSIVE;
				GCC_WARN_UNUSED_FUNCTION = YES;
				GCC_WARN_UNUSED_VARIABLE = YES;
				IPHONEOS_DEPLOYMENT_TARGET = 11.2;
				MTL_ENABLE_DEBUG_INFO = YES;
				ONLY_ACTIVE_ARCH = YES;
				SDKROOT = iphoneos;
				SWIFT_ACTIVE_COMPILATION_CONDITIONS = DEBUG;
				SWIFT_OPTIMIZATION_LEVEL = "-Onone";
			};
			name = Debug;
		};
		680322EC2033644900E38E1B /* Release */ = {
			isa = XCBuildConfiguration;
			buildSettings = {
				ALWAYS_SEARCH_USER_PATHS = NO;
				CLANG_ANALYZER_NONNULL = YES;
				CLANG_ANALYZER_NUMBER_OBJECT_CONVERSION = YES_AGGRESSIVE;
				CLANG_CXX_LANGUAGE_STANDARD = "gnu++14";
				CLANG_CXX_LIBRARY = "libc++";
				CLANG_ENABLE_MODULES = YES;
				CLANG_ENABLE_OBJC_ARC = YES;
				CLANG_WARN_BLOCK_CAPTURE_AUTORELEASING = YES;
				CLANG_WARN_BOOL_CONVERSION = YES;
				CLANG_WARN_COMMA = YES;
				CLANG_WARN_CONSTANT_CONVERSION = YES;
				CLANG_WARN_DIRECT_OBJC_ISA_USAGE = YES_ERROR;
				CLANG_WARN_DOCUMENTATION_COMMENTS = YES;
				CLANG_WARN_EMPTY_BODY = YES;
				CLANG_WARN_ENUM_CONVERSION = YES;
				CLANG_WARN_INFINITE_RECURSION = YES;
				CLANG_WARN_INT_CONVERSION = YES;
				CLANG_WARN_NON_LITERAL_NULL_CONVERSION = YES;
				CLANG_WARN_OBJC_LITERAL_CONVERSION = YES;
				CLANG_WARN_OBJC_ROOT_CLASS = YES_ERROR;
				CLANG_WARN_RANGE_LOOP_ANALYSIS = YES;
				CLANG_WARN_STRICT_PROTOTYPES = YES;
				CLANG_WARN_SUSPICIOUS_MOVE = YES;
				CLANG_WARN_UNGUARDED_AVAILABILITY = YES_AGGRESSIVE;
				CLANG_WARN_UNREACHABLE_CODE = YES;
				CLANG_WARN__DUPLICATE_METHOD_MATCH = YES;
				CODE_SIGN_IDENTITY = "iPhone Developer";
				COPY_PHASE_STRIP = NO;
				DEBUG_INFORMATION_FORMAT = "dwarf-with-dsym";
				ENABLE_NS_ASSERTIONS = NO;
				ENABLE_STRICT_OBJC_MSGSEND = YES;
				GCC_C_LANGUAGE_STANDARD = gnu11;
				GCC_NO_COMMON_BLOCKS = YES;
				GCC_WARN_64_TO_32_BIT_CONVERSION = YES;
				GCC_WARN_ABOUT_RETURN_TYPE = YES_ERROR;
				GCC_WARN_UNDECLARED_SELECTOR = YES;
				GCC_WARN_UNINITIALIZED_AUTOS = YES_AGGRESSIVE;
				GCC_WARN_UNUSED_FUNCTION = YES;
				GCC_WARN_UNUSED_VARIABLE = YES;
				IPHONEOS_DEPLOYMENT_TARGET = 11.2;
				MTL_ENABLE_DEBUG_INFO = NO;
				SDKROOT = iphoneos;
				SWIFT_OPTIMIZATION_LEVEL = "-Owholemodule";
				VALIDATE_PRODUCT = YES;
			};
			name = Release;
		};
		680322EE2033644900E38E1B /* Debug */ = {
			isa = XCBuildConfiguration;
			buildSettings = {
				ASSETCATALOG_COMPILER_APPICON_NAME = AppIcon;
				CODE_SIGN_STYLE = Manual;
				DEVELOPMENT_TEAM = "";
				FRAMEWORK_SEARCH_PATHS = (
					"$(inherited)",
					"$(PROJECT_DIR)/Carthage/Build/iOS",
				);
				INFOPLIST_FILE = "Omise-mobil-challange/Info.plist";
				IPHONEOS_DEPLOYMENT_TARGET = 11.2;
				LD_RUNPATH_SEARCH_PATHS = "$(inherited) @executable_path/Frameworks";
				PRODUCT_BUNDLE_IDENTIFIER = "com.sadikekinozbay.Omise-mobil-challange";
				PRODUCT_NAME = "$(TARGET_NAME)";
				PROVISIONING_PROFILE_SPECIFIER = "";
				SWIFT_VERSION = 4.0;
				TARGETED_DEVICE_FAMILY = "1,2";
			};
			name = Debug;
		};
		680322EF2033644900E38E1B /* Release */ = {
			isa = XCBuildConfiguration;
			buildSettings = {
				ASSETCATALOG_COMPILER_APPICON_NAME = AppIcon;
				CODE_SIGN_STYLE = Manual;
				DEVELOPMENT_TEAM = "";
				FRAMEWORK_SEARCH_PATHS = (
					"$(inherited)",
					"$(PROJECT_DIR)/Carthage/Build/iOS",
				);
				INFOPLIST_FILE = "Omise-mobil-challange/Info.plist";
				IPHONEOS_DEPLOYMENT_TARGET = 11.2;
				LD_RUNPATH_SEARCH_PATHS = "$(inherited) @executable_path/Frameworks";
				PRODUCT_BUNDLE_IDENTIFIER = "com.sadikekinozbay.Omise-mobil-challange";
				PRODUCT_NAME = "$(TARGET_NAME)";
				PROVISIONING_PROFILE_SPECIFIER = "";
				SWIFT_VERSION = 4.0;
				TARGETED_DEVICE_FAMILY = "1,2";
			};
			name = Release;
		};
/* End XCBuildConfiguration section */

/* Begin XCConfigurationList section */
		680322D62033644900E38E1B /* Build configuration list for PBXProject "Omise-mobil-challange" */ = {
			isa = XCConfigurationList;
			buildConfigurations = (
				680322EB2033644900E38E1B /* Debug */,
				680322EC2033644900E38E1B /* Release */,
			);
			defaultConfigurationIsVisible = 0;
			defaultConfigurationName = Release;
		};
		680322ED2033644900E38E1B /* Build configuration list for PBXNativeTarget "Omise-mobil-challange" */ = {
			isa = XCConfigurationList;
			buildConfigurations = (
				680322EE2033644900E38E1B /* Debug */,
				680322EF2033644900E38E1B /* Release */,
			);
			defaultConfigurationIsVisible = 0;
			defaultConfigurationName = Release;
		};
/* End XCConfigurationList section */
	};
	rootObject = 680322D32033644900E38E1B /* Project object */;
}
